
Microsoft Visual Studio Solution File, Format Version 12.00
# Visual Studio Version 17
VisualStudioVersion = 17.2.32526.322
MinimumVisualStudioVersion = 10.0.40219.1
Project("{FAE04EC0-301F-11D3-BF4B-00C04F79EFBC}") = "MTG-Application", "MTG-Application.csproj", "{698699F4-E8ED-48C9-ACE3-59B653A18056}"
EndProject
Global
	GlobalSection(SolutionConfigurationPlatforms) = preSolution
		Debug|Any CPU = Debug|Any CPU
		Release|Any CPU = Release|Any CPU
	EndGlobalSection
	GlobalSection(ProjectConfigurationPlatforms) = postSolution
		{698699F4-E8ED-48C9-ACE3-59B653A18056}.Debug|Any CPU.ActiveCfg = Debug|Any CPU
		{698699F4-E8ED-48C9-ACE3-59B653A18056}.Debug|Any CPU.Build.0 = Debug|Any CPU
		{698699F4-E8ED-48C9-ACE3-59B653A18056}.Release|Any CPU.ActiveCfg = Release|Any CPU
		{698699F4-E8ED-48C9-ACE3-59B653A18056}.Release|Any CPU.Build.0 = Release|Any CPU
	EndGlobalSection
	GlobalSection(SolutionProperties) = preSolution
		HideSolutionNode = FALSE
	EndGlobalSection
	GlobalSection(ExtensibilityGlobals) = postSolution
		SolutionGuid = {009E59E9-9469-44DE-935D-E0185C9013EF}
	EndGlobalSection
EndGlobal
